Microsoft Visual Studio Solution File, Format Version 12.00
# Visual Studio Version 17
VisualStudioVersion = 17.5.2.0
MinimumVisualStudioVersion = 10.0.40219.1
Project("{FAE04EC0-301F-11D3-BF4B-00C04F79EFBC}") = "exemplo05", "exemplo05.csproj", "{1AB62871-B0EE-DB40-6FCB-2F07DB0D3376}"
EndProject
Global
	GlobalSection(SolutionConfigurationPlatforms) = preSolution
		Debug|Any CPU = Debug|Any CPU
		Release|Any CPU = Release|Any CPU
	EndGlobalSection
	GlobalSection(ProjectConfigurationPlatforms) = postSolution
		{1AB62871-B0EE-DB40-6FCB-2F07DB0D3376}.Debug|Any CPU.ActiveCfg = Debug|Any CPU
		{1AB62871-B0EE-DB40-6FCB-2F07DB0D3376}.Debug|Any CPU.Build.0 = Debug|Any CPU
		{1AB62871-B0EE-DB40-6FCB-2F07DB0D3376}.Release|Any CPU.ActiveCfg = Release|Any CPU
		{1AB62871-B0EE-DB40-6FCB-2F07DB0D3376}.Release|Any CPU.Build.0 = Release|Any CPU
	EndGlobalSection
	GlobalSection(SolutionProperties) = preSolution
		HideSolutionNode = FALSE
	EndGlobalSection
	GlobalSection(ExtensibilityGlobals) = postSolution
		SolutionGuid = {518C531C-0855-45F6-A20F-C62155113515}
	EndGlobalSection
EndGlobal
