Microsoft Visual Studio Solution File, Format Version 12.00
# Visual Studio Version 17
VisualStudioVersion = 17.5.2.0
MinimumVisualStudioVersion = 10.0.40219.1
Project("{FAE04EC0-301F-11D3-BF4B-00C04F79EFBC}") = "gerencia_alunos", "gerencia_alunos.csproj", "{782A0A80-375A-B703-3817-7F898B8F45B7}"
EndProject
Global
	GlobalSection(SolutionConfigurationPlatforms) = preSolution
		Debug|Any CPU = Debug|Any CPU
		Release|Any CPU = Release|Any CPU
	EndGlobalSection
	GlobalSection(ProjectConfigurationPlatforms) = postSolution
		{782A0A80-375A-B703-3817-7F898B8F45B7}.Debug|Any CPU.ActiveCfg = Debug|Any CPU
		{782A0A80-375A-B703-3817-7F898B8F45B7}.Debug|Any CPU.Build.0 = Debug|Any CPU
		{782A0A80-375A-B703-3817-7F898B8F45B7}.Release|Any CPU.ActiveCfg = Release|Any CPU
		{782A0A80-375A-B703-3817-7F898B8F45B7}.Release|Any CPU.Build.0 = Release|Any CPU
	EndGlobalSection
	GlobalSection(SolutionProperties) = preSolution
		HideSolutionNode = FALSE
	EndGlobalSection
	GlobalSection(ExtensibilityGlobals) = postSolution
		SolutionGuid = {FC239F41-D32C-40E4-8057-264DD3457FFC}
	EndGlobalSection
EndGlobal
